
Microsoft Visual Studio Solution File, Format Version 12.00
# Visual Studio Version 16
VisualStudioVersion = 16.0.34114.132
MinimumVisualStudioVersion = 10.0.40219.1
Project("{888888A0-9F3D-457C-B088-3A5042F75D52}") = "Problem 2", "Problem 2\Problem 2.pyproj", "{6DBE9AE0-5892-4714-8B83-22F4A72DBF25}"
EndProject
Global
	GlobalSection(SolutionConfigurationPlatforms) = preSolution
		Debug|Any CPU = Debug|Any CPU
		Release|Any CPU = Release|Any CPU
	EndGlobalSection
	GlobalSection(ProjectConfigurationPlatforms) = postSolution
		{6DBE9AE0-5892-4714-8B83-22F4A72DBF25}.Debug|Any CPU.ActiveCfg = Debug|Any CPU
		{6DBE9AE0-5892-4714-8B83-22F4A72DBF25}.Release|Any CPU.ActiveCfg = Release|Any CPU
	EndGlobalSection
	GlobalSection(SolutionProperties) = preSolution
		HideSolutionNode = FALSE
	EndGlobalSection
	GlobalSection(ExtensibilityGlobals) = postSolution
		SolutionGuid = {9491D705-952A-485E-995E-FCA75DF7360D}
	EndGlobalSection
EndGlobal
